
Microsoft Visual Studio Solution File, Format Version 12.00
# Visual Studio 15
VisualStudioVersion = 15.0.27428.2015
MinimumVisualStudioVersion = 10.0.40219.1
Project("{FAE04EC0-301F-11D3-BF4B-00C04F79EFBC}") = "ClassLibrary4", "ClassLibrary4.csproj", "{632E0435-9F36-4E0F-8121-20D62C8F9F52}"
EndProject
Project("{FAE04EC0-301F-11D3-BF4B-00C04F79EFBC}") = "ModelView", "..\ModelView\ModelView.csproj", "{22F8D685-3166-4E2C-8F9F-4C012B507B09}"
EndProject
Global
	GlobalSection(SolutionConfigurationPlatforms) = preSolution
		Debug|Any CPU = Debug|Any CPU
		Release|Any CPU = Release|Any CPU
	EndGlobalSection
	GlobalSection(ProjectConfigurationPlatforms) = postSolution
		{632E0435-9F36-4E0F-8121-20D62C8F9F52}.Debug|Any CPU.ActiveCfg = Debug|Any CPU
		{632E0435-9F36-4E0F-8121-20D62C8F9F52}.Debug|Any CPU.Build.0 = Debug|Any CPU
		{632E0435-9F36-4E0F-8121-20D62C8F9F52}.Release|Any CPU.ActiveCfg = Release|Any CPU
		{632E0435-9F36-4E0F-8121-20D62C8F9F52}.Release|Any CPU.Build.0 = Release|Any CPU
		{22F8D685-3166-4E2C-8F9F-4C012B507B09}.Debug|Any CPU.ActiveCfg = Debug|Any CPU
		{22F8D685-3166-4E2C-8F9F-4C012B507B09}.Debug|Any CPU.Build.0 = Debug|Any CPU
		{22F8D685-3166-4E2C-8F9F-4C012B507B09}.Release|Any CPU.ActiveCfg = Release|Any CPU
		{22F8D685-3166-4E2C-8F9F-4C012B507B09}.Release|Any CPU.Build.0 = Release|Any CPU
	EndGlobalSection
	GlobalSection(SolutionProperties) = preSolution
		HideSolutionNode = FALSE
	EndGlobalSection
	GlobalSection(ExtensibilityGlobals) = postSolution
		SolutionGuid = {3F388D07-3B56-4836-81E4-41E4D924AB52}
	EndGlobalSection
EndGlobal
